
Microsoft Visual Studio Solution File, Format Version 12.00
# Visual Studio Version 17
VisualStudioVersion = 17.2.32519.379
MinimumVisualStudioVersion = 10.0.40219.1
Project("{FAE04EC0-301F-11D3-BF4B-00C04F79EFBC}") = "Astro", "Astro\Astro.csproj", "{65CE3E2D-7758-44B1-A776-EAC5B9B91C88}"
EndProject
Global
	GlobalSection(SolutionConfigurationPlatforms) = preSolution
		Debug|Any CPU = Debug|Any CPU
		Release|Any CPU = Release|Any CPU
	EndGlobalSection
	GlobalSection(ProjectConfigurationPlatforms) = postSolution
		{65CE3E2D-7758-44B1-A776-EAC5B9B91C88}.Debug|Any CPU.ActiveCfg = Debug|Any CPU
		{65CE3E2D-7758-44B1-A776-EAC5B9B91C88}.Debug|Any CPU.Build.0 = Debug|Any CPU
		{65CE3E2D-7758-44B1-A776-EAC5B9B91C88}.Release|Any CPU.ActiveCfg = Release|Any CPU
		{65CE3E2D-7758-44B1-A776-EAC5B9B91C88}.Release|Any CPU.Build.0 = Release|Any CPU
	EndGlobalSection
	GlobalSection(SolutionProperties) = preSolution
		HideSolutionNode = FALSE
	EndGlobalSection
	GlobalSection(ExtensibilityGlobals) = postSolution
		SolutionGuid = {2626CC3E-5906-4810-AF93-65D9E2615F0C}
	EndGlobalSection
EndGlobal
